
Microsoft Visual Studio Solution File, Format Version 12.00
# Visual Studio Version 16
VisualStudioVersion = 16.0.31229.75
MinimumVisualStudioVersion = 10.0.40219.1
Project("{FAE04EC0-301F-11D3-BF4B-00C04F79EFBC}") = "numeroentre10y20", "numeroentre10y20.csproj", "{61CF5F69-C666-44CB-8071-0634D0B74744}"
EndProject
Global
	GlobalSection(SolutionConfigurationPlatforms) = preSolution
		Debug|Any CPU = Debug|Any CPU
		Release|Any CPU = Release|Any CPU
	EndGlobalSection
	GlobalSection(ProjectConfigurationPlatforms) = postSolution
		{61CF5F69-C666-44CB-8071-0634D0B74744}.Debug|Any CPU.ActiveCfg = Debug|Any CPU
		{61CF5F69-C666-44CB-8071-0634D0B74744}.Debug|Any CPU.Build.0 = Debug|Any CPU
		{61CF5F69-C666-44CB-8071-0634D0B74744}.Release|Any CPU.ActiveCfg = Release|Any CPU
		{61CF5F69-C666-44CB-8071-0634D0B74744}.Release|Any CPU.Build.0 = Release|Any CPU
	EndGlobalSection
	GlobalSection(SolutionProperties) = preSolution
		HideSolutionNode = FALSE
	EndGlobalSection
	GlobalSection(ExtensibilityGlobals) = postSolution
		SolutionGuid = {685A50A4-1889-41FD-ABF0-AF30A89D3477}
	EndGlobalSection
EndGlobal
