
Microsoft Visual Studio Solution File, Format Version 12.00
# Visual Studio Version 16
VisualStudioVersion = 16.0.31229.75
MinimumVisualStudioVersion = 10.0.40219.1
Project("{FAE04EC0-301F-11D3-BF4B-00C04F79EFBC}") = "factorial", "factorial.csproj", "{D1019F12-034F-4461-AD01-C509F3B14464}"
EndProject
Global
	GlobalSection(SolutionConfigurationPlatforms) = preSolution
		Debug|Any CPU = Debug|Any CPU
		Release|Any CPU = Release|Any CPU
	EndGlobalSection
	GlobalSection(ProjectConfigurationPlatforms) = postSolution
		{D1019F12-034F-4461-AD01-C509F3B14464}.Debug|Any CPU.ActiveCfg = Debug|Any CPU
		{D1019F12-034F-4461-AD01-C509F3B14464}.Debug|Any CPU.Build.0 = Debug|Any CPU
		{D1019F12-034F-4461-AD01-C509F3B14464}.Release|Any CPU.ActiveCfg = Release|Any CPU
		{D1019F12-034F-4461-AD01-C509F3B14464}.Release|Any CPU.Build.0 = Release|Any CPU
	EndGlobalSection
	GlobalSection(SolutionProperties) = preSolution
		HideSolutionNode = FALSE
	EndGlobalSection
	GlobalSection(ExtensibilityGlobals) = postSolution
		SolutionGuid = {DDBE5CFE-9E89-4DE2-8926-2A8E2CD484F3}
	EndGlobalSection
EndGlobal
