
Microsoft Visual Studio Solution File, Format Version 12.00
# Visual Studio Version 16
VisualStudioVersion = 16.0.31205.134
MinimumVisualStudioVersion = 10.0.40219.1
Project("{FAE04EC0-301F-11D3-BF4B-00C04F79EFBC}") = "area de circulo", "area de circulo.csproj", "{A52619F8-8196-472C-A804-20E8924CE5F5}"
EndProject
Global
	GlobalSection(SolutionConfigurationPlatforms) = preSolution
		Debug|Any CPU = Debug|Any CPU
		Release|Any CPU = Release|Any CPU
	EndGlobalSection
	GlobalSection(ProjectConfigurationPlatforms) = postSolution
		{A52619F8-8196-472C-A804-20E8924CE5F5}.Debug|Any CPU.ActiveCfg = Debug|Any CPU
		{A52619F8-8196-472C-A804-20E8924CE5F5}.Debug|Any CPU.Build.0 = Debug|Any CPU
		{A52619F8-8196-472C-A804-20E8924CE5F5}.Release|Any CPU.ActiveCfg = Release|Any CPU
		{A52619F8-8196-472C-A804-20E8924CE5F5}.Release|Any CPU.Build.0 = Release|Any CPU
	EndGlobalSection
	GlobalSection(SolutionProperties) = preSolution
		HideSolutionNode = FALSE
	EndGlobalSection
	GlobalSection(ExtensibilityGlobals) = postSolution
		SolutionGuid = {A6CDFFEF-7050-4FCC-A369-AB5CAD15058D}
	EndGlobalSection
EndGlobal
